
Microsoft Visual Studio Solution File, Format Version 12.00
# Visual Studio 15
VisualStudioVersion = 15.0.27703.2035
MinimumVisualStudioVersion = 10.0.40219.1
Project("{8BC9CEB8-8B4A-11D0-8D11-00A0C91BC942}") = "Console", "Console.vcxproj", "{065F5D72-7242-3167-92B1-656429DF6525}"
EndProject
Global
	GlobalSection(SolutionConfigurationPlatforms) = preSolution
		Debug|x64 = Debug|x64
		Release|x64 = Release|x64
	EndGlobalSection
	GlobalSection(ProjectConfigurationPlatforms) = postSolution
		{065F5D72-7242-3167-92B1-656429DF6525}.Debug|x64.ActiveCfg = Debug|x64
		{065F5D72-7242-3167-92B1-656429DF6525}.Debug|x64.Build.0 = Debug|x64
		{065F5D72-7242-3167-92B1-656429DF6525}.Release|x64.ActiveCfg = Release|x64
		{065F5D72-7242-3167-92B1-656429DF6525}.Release|x64.Build.0 = Release|x64
	EndGlobalSection
	GlobalSection(SolutionProperties) = preSolution
		HideSolutionNode = FALSE
	EndGlobalSection
	GlobalSection(ExtensibilityGlobals) = postSolution
		SolutionGuid = {740245CF-72DE-437B-B2CC-46B1DDD0D10B}
	EndGlobalSection
EndGlobal
